// !$*UTF8*$!
{
	archiveVersion = 1;
	classes = {
	};
	objectVersion = 46;
	objects = {

/* Begin PBXBuildFile section */
		2F8D82A824B8EE2000695EF6 /* CompleteTaskViewController.swift in Sources */ = {isa = PBXBuildFile; fileRef = 2F8D82A724B8EE2000695EF6 /* CompleteTaskViewController.swift */; };
		2F9BDD7724B8C7CA0028BEC7 /* CreateTaskViewController.swift in Sources */ = {isa = PBXBuildFile; fileRef = 2F9BDD7624B8C7CA0028BEC7 /* CreateTaskViewController.swift */; };
		2FB8D42F24B67A510009717E /* AppDelegate.swift in Sources */ = {isa = PBXBuildFile; fileRef = 2FB8D42E24B67A510009717E /* AppDelegate.swift */; };
		2FB8D43124B67A510009717E /* TasksViewController.swift in Sources */ = {isa = PBXBuildFile; fileRef = 2FB8D43024B67A510009717E /* TasksViewController.swift */; };
		2FB8D43424B67A510009717E /* Main.storyboard in Resources */ = {isa = PBXBuildFile; fileRef = 2FB8D43224B67A510009717E /* Main.storyboard */; };
		2FB8D43724B67A510009717E /* DoIt.xcdatamodeld in Sources */ = {isa = PBXBuildFile; fileRef = 2FB8D43524B67A510009717E /* DoIt.xcdatamodeld */; };
		2FB8D43924B67A510009717E /* Assets.xcassets in Resources */ = {isa = PBXBuildFile; fileRef = 2FB8D43824B67A510009717E /* Assets.xcassets */; };
		2FB8D43C24B67A510009717E /* LaunchScreen.storyboard in Resources */ = {isa = PBXBuildFile; fileRef = 2FB8D43A24B67A510009717E /* LaunchScreen.storyboard */; };
		2FB8D44424B67DF90009717E /* Task.swift in Sources */ = {isa = PBXBuildFile; fileRef = 2FB8D44324B67DF90009717E /* Task.swift */; };
/* End PBXBuildFile section */

/* Begin PBXFileReference section */
		2F8D82A724B8EE2000695EF6 /* CompleteTaskViewController.swift */ = {isa = PBXFileReference; fileEncoding = 4; lastKnownFileType = sourcecode.swift; path = CompleteTaskViewController.swift; sourceTree = "<group>"; };
		2F9BDD7624B8C7CA0028BEC7 /* CreateTaskViewController.swift */ = {isa = PBXFileReference; fileEncoding = 4; lastKnownFileType = sourcecode.swift; path = CreateTaskViewController.swift; sourceTree = "<group>"; };
		2FB8D42B24B67A510009717E /* DoIt.app */ = {isa = PBXFileReference; explicitFileType = wrapper.application; includeInIndex = 0; path = DoIt.app; sourceTree = BUILT_PRODUCTS_DIR; };
		2FB8D42E24B67A510009717E /* AppDelegate.swift */ = {isa = PBXFileReference; lastKnownFileType = sourcecode.swift; path = AppDelegate.swift; sourceTree = "<group>"; };
		2FB8D43024B67A510009717E /* TasksViewController.swift */ = {isa = PBXFileReference; lastKnownFileType = sourcecode.swift; path = TasksViewController.swift; sourceTree = "<group>"; };
		2FB8D43324B67A510009717E /* Base */ = {isa = PBXFileReference; lastKnownFileType = file.storyboard; name = Base; path = Base.lproj/Main.storyboard; sourceTree = "<group>"; };
		2FB8D43624B67A510009717E /* DoIt.xcdatamodel */ = {isa = PBXFileReference; lastKnownFileType = wrapper.xcdatamodel; path = DoIt.xcdatamodel; sourceTree = "<group>"; };
		2FB8D43824B67A510009717E /* Assets.xcassets */ = {isa = PBXFileReference; lastKnownFileType = folder.assetcatalog; path = Assets.xcassets; sourceTree = "<group>"; };
		2FB8D43B24B67A510009717E /* Base */ = {isa = PBXFileReference; lastKnownFileType = file.storyboard; name = Base; path = Base.lproj/LaunchScreen.storyboard; sourceTree = "<group>"; };
		2FB8D43D24B67A510009717E /* Info.plist */ = {isa = PBXFileReference; lastKnownFileType = text.plist.xml; path = Info.plist; sourceTree = "<group>"; };
		2FB8D44324B67DF90009717E /* Task.swift */ = {isa = PBXFileReference; fileEncoding = 4; lastKnownFileType = sourcecode.swift; path = Task.swift; sourceTree = "<group>"; };
/* End PBXFileReference section */

/* Begin PBXFrameworksBuildPhase section */
		2FB8D42824B67A510009717E /* Frameworks */ = {
			isa = PBXFrameworksBuildPhase;
			buildActionMask = 2147483647;
			files = (
			);
			runOnlyForDeploymentPostprocessing = 0;
		};
/* End PBXFrameworksBuildPhase section */

/* Begin PBXGroup section */
		2FB8D42224B67A500009717E = {
			isa = PBXGroup;
			children = (
				2FB8D42D24B67A510009717E /* DoIt */,
				2FB8D42C24B67A510009717E /* Products */,
			);
			sourceTree = "<group>";
		};
		2FB8D42C24B67A510009717E /* Products */ = {
			isa = PBXGroup;
			children = (
				2FB8D42B24B67A510009717E /* DoIt.app */,
			);
			name = Products;
			sourceTree = "<group>";
		};
		2FB8D42D24B67A510009717E /* DoIt */ = {
			isa = PBXGroup;
			children = (
				2FB8D42E24B67A510009717E /* AppDelegate.swift */,
				2FB8D43024B67A510009717E /* TasksViewController.swift */,
				2F9BDD7624B8C7CA0028BEC7 /* CreateTaskViewController.swift */,
				2F8D82A724B8EE2000695EF6 /* CompleteTaskViewController.swift */,
				2FB8D44324B67DF90009717E /* Task.swift */,
				2FB8D43224B67A510009717E /* Main.storyboard */,
				2FB8D43824B67A510009717E /* Assets.xcassets */,
				2FB8D43A24B67A510009717E /* LaunchScreen.storyboard */,
				2FB8D43D24B67A510009717E /* Info.plist */,
				2FB8D43524B67A510009717E /* DoIt.xcdatamodeld */,
			);
			path = DoIt;
			sourceTree = "<group>";
		};
/* End PBXGroup section */

/* Begin PBXNativeTarget section */
		2FB8D42A24B67A510009717E /* DoIt */ = {
			isa = PBXNativeTarget;
			buildConfigurationList = 2FB8D44024B67A510009717E /* Build configuration list for PBXNativeTarget "DoIt" */;
			buildPhases = (
				2FB8D42724B67A510009717E /* Sources */,
				2FB8D42824B67A510009717E /* Frameworks */,
				2FB8D42924B67A510009717E /* Resources */,
			);
			buildRules = (
			);
			dependencies = (
			);
			name = DoIt;
			productName = DoIt;
			productReference = 2FB8D42B24B67A510009717E /* DoIt.app */;
			productType = "com.apple.product-type.application";
		};
/* End PBXNativeTarget section */

/* Begin PBXProject section */
		2FB8D42324B67A500009717E /* Project object */ = {
			isa = PBXProject;
			attributes = {
				LastSwiftUpdateCheck = 0800;
				LastUpgradeCheck = 0800;
				ORGANIZATIONNAME = AmVi;
				TargetAttributes = {
					2FB8D42A24B67A510009717E = {
						CreatedOnToolsVersion = 8.0;
						ProvisioningStyle = Automatic;
					};
				};
			};
			buildConfigurationList = 2FB8D42624B67A500009717E /* Build configuration list for PBXProject "DoIt" */;
			compatibilityVersion = "Xcode 3.2";
			developmentRegion = English;
			hasScannedForEncodings = 0;
			knownRegions = (
				en,
				Base,
			);
			mainGroup = 2FB8D42224B67A500009717E;
			productRefGroup = 2FB8D42C24B67A510009717E /* Products */;
			projectDirPath = "";
			projectRoot = "";
			targets = (
				2FB8D42A24B67A510009717E /* DoIt */,
			);
		};
/* End PBXProject section */

/* Begin PBXResourcesBuildPhase section */
		2FB8D42924B67A510009717E /* Resources */ = {
			isa = PBXResourcesBuildPhase;
			buildActionMask = 2147483647;
			files = (
				2FB8D43C24B67A510009717E /* LaunchScreen.storyboard in Resources */,
				2FB8D43924B67A510009717E /* Assets.xcassets in Resources */,
				2FB8D43424B67A510009717E /* Main.storyboard in Resources */,
			);
			runOnlyForDeploymentPostprocessing = 0;
		};
/* End PBXResourcesBuildPhase section */

/* Begin PBXSourcesBuildPhase section */
		2FB8D42724B67A510009717E /* Sources */ = {
			isa = PBXSourcesBuildPhase;
			buildActionMask = 2147483647;
			files = (
				2FB8D44424B67DF90009717E /* Task.swift in Sources */,
				2FB8D43724B67A510009717E /* DoIt.xcdatamodeld in Sources */,
				2F8D82A824B8EE2000695EF6 /* CompleteTaskViewController.swift in Sources */,
				2FB8D43124B67A510009717E /* TasksViewController.swift in Sources */,
				2FB8D42F24B67A510009717E /* AppDelegate.swift in Sources */,
				2F9BDD7724B8C7CA0028BEC7 /* CreateTaskViewController.swift in Sources */,
			);
			runOnlyForDeploymentPostprocessing = 0;
		};
/* End PBXSourcesBuildPhase section */

/* Begin PBXVariantGroup section */
		2FB8D43224B67A510009717E /* Main.storyboard */ = {
			isa = PBXVariantGroup;
			children = (
				2FB8D43324B67A510009717E /* Base */,
			);
			name = Main.storyboard;
			sourceTree = "<group>";
		};
		2FB8D43A24B67A510009717E /* LaunchScreen.storyboard */ = {
			isa = PBXVariantGroup;
			children = (
				2FB8D43B24B67A510009717E /* Base */,
			);
			name = LaunchScreen.storyboard;
			sourceTree = "<group>";
		};
/* End PBXVariantGroup section */

/* Begin XCBuildConfiguration section */
		2FB8D43E24B67A510009717E /* Debug */ = {
			isa = XCBuildConfiguration;
			buildSettings = {
				ALWAYS_SEARCH_USER_PATHS = NO;
				CLANG_ANALYZER_NONNULL = YES;
				CLANG_CXX_LANGUAGE_STANDARD = "gnu++0x";
				CLANG_CXX_LIBRARY = "libc++";
				CLANG_ENABLE_MODULES = YES;
				CLANG_ENABLE_OBJC_ARC = YES;
				CLANG_WARN_BOOL_CONVERSION = YES;
				CLANG_WARN_CONSTANT_CONVERSION = YES;
				CLANG_WARN_DIRECT_OBJC_ISA_USAGE = YES_ERROR;
				CLANG_WARN_DOCUMENTATION_COMMENTS = YES;
				CLANG_WARN_EMPTY_BODY = YES;
				CLANG_WARN_ENUM_CONVERSION = YES;
				CLANG_WARN_INFINITE_RECURSION = YES;
				CLANG_WARN_INT_CONVERSION = YES;
				CLANG_WARN_OBJC_ROOT_CLASS = YES_ERROR;
				CLANG_WARN_SUSPICIOUS_MOVES = YES;
				CLANG_WARN_UNREACHABLE_CODE = YES;
				CLANG_WARN__DUPLICATE_METHOD_MATCH = YES;
				"CODE_SIGN_IDENTITY[sdk=iphoneos*]" = "iPhone Developer";
				COPY_PHASE_STRIP = NO;
				DEBUG_INFORMATION_FORMAT = dwarf;
				ENABLE_STRICT_OBJC_MSGSEND = YES;
				ENABLE_TESTABILITY = YES;
				GCC_C_LANGUAGE_STANDARD = gnu99;
				GCC_DYNAMIC_NO_PIC = NO;
				GCC_NO_COMMON_BLOCKS = YES;
				GCC_OPTIMIZATION_LEVEL = 0;
				GCC_PREPROCESSOR_DEFINITIONS = (
					"DEBUG=1",
					"$(inherited)",
				);
				GCC_WARN_64_TO_32_BIT_CONVERSION = YES;
				GCC_WARN_ABOUT_RETURN_TYPE = YES_ERROR;
				GCC_WARN_UNDECLARED_SELECTOR = YES;
				GCC_WARN_UNINITIALIZED_AUTOS = YES_AGGRESSIVE;
				GCC_WARN_UNUSED_FUNCTION = YES;
				GCC_WARN_UNUSED_VARIABLE = YES;
				IPHONEOS_DEPLOYMENT_TARGET = 10.0;
				MTL_ENABLE_DEBUG_INFO = YES;
				ONLY_ACTIVE_ARCH = YES;
				SDKROOT = iphoneos;
				SWIFT_ACTIVE_COMPILATION_CONDITIONS = DEBUG;
				SWIFT_OPTIMIZATION_LEVEL = "-Onone";
				TARGETED_DEVICE_FAMILY = "1,2";
			};
			name = Debug;
		};
		2FB8D43F24B67A510009717E /* Release */ = {
			isa = XCBuildConfiguration;
			buildSettings = {
				ALWAYS_SEARCH_USER_PATHS = NO;
				CLANG_ANALYZER_NONNULL = YES;
				CLANG_CXX_LANGUAGE_STANDARD = "gnu++0x";
				CLANG_CXX_LIBRARY = "libc++";
				CLANG_ENABLE_MODULES = YES;
				CLANG_ENABLE_OBJC_ARC = YES;
				CLANG_WARN_BOOL_CONVERSION = YES;
				CLANG_WARN_CONSTANT_CONVERSION = YES;
				CLANG_WARN_DIRECT_OBJC_ISA_USAGE = YES_ERROR;
				CLANG_WARN_DOCUMENTATION_COMMENTS = YES;
				CLANG_WARN_EMPTY_BODY = YES;
				CLANG_WARN_ENUM_CONVERSION = YES;
				CLANG_WARN_INFINITE_RECURSION = YES;
				CLANG_WARN_INT_CONVERSION = YES;
				CLANG_WARN_OBJC_ROOT_CLASS = YES_ERROR;
				CLANG_WARN_SUSPICIOUS_MOVES = YES;
				CLANG_WARN_UNREACHABLE_CODE = YES;
				CLANG_WARN__DUPLICATE_METHOD_MATCH = YES;
				"CODE_SIGN_IDENTITY[sdk=iphoneos*]" = "iPhone Developer";
				COPY_PHASE_STRIP = NO;
				DEBUG_INFORMATION_FORMAT = "dwarf-with-dsym";
				ENABLE_NS_ASSERTIONS = NO;
				ENABLE_STRICT_OBJC_MSGSEND = YES;
				GCC_C_LANGUAGE_STANDARD = gnu99;
				GCC_NO_COMMON_BLOCKS = YES;
				GCC_WARN_64_TO_32_BIT_CONVERSION = YES;
				GCC_WARN_ABOUT_RETURN_TYPE = YES_ERROR;
				GCC_WARN_UNDECLARED_SELECTOR = YES;
				GCC_WARN_UNINITIALIZED_AUTOS = YES_AGGRESSIVE;
				GCC_WARN_UNUSED_FUNCTION = YES;
				GCC_WARN_UNUSED_VARIABLE = YES;
				IPHONEOS_DEPLOYMENT_TARGET = 10.0;
				MTL_ENABLE_DEBUG_INFO = NO;
				SDKROOT = iphoneos;
				SWIFT_OPTIMIZATION_LEVEL = "-Owholemodule";
				TARGETED_DEVICE_FAMILY = "1,2";
				VALIDATE_PRODUCT = YES;
			};
			name = Release;
		};
		2FB8D44124B67A510009717E /* Debug */ = {
			isa = XCBuildConfiguration;
			buildSettings = {
				ASSETCATALOG_COMPILER_APPICON_NAME = AppIcon;
				INFOPLIST_FILE = DoIt/Info.plist;
				LD_RUNPATH_SEARCH_PATHS = "$(inherited) @executable_path/Frameworks";
				PRODUCT_BUNDLE_IDENTIFIER = com.Amvi.DoIt;
				PRODUCT_NAME = "$(TARGET_NAME)";
				SWIFT_VERSION = 3.0;
			};
			name = Debug;
		};
		2FB8D44224B67A510009717E /* Release */ = {
			isa = XCBuildConfiguration;
			buildSettings = {
				ASSETCATALOG_COMPILER_APPICON_NAME = AppIcon;
				INFOPLIST_FILE = DoIt/Info.plist;
				LD_RUNPATH_SEARCH_PATHS = "$(inherited) @executable_path/Frameworks";
				PRODUCT_BUNDLE_IDENTIFIER = com.Amvi.DoIt;
				PRODUCT_NAME = "$(TARGET_NAME)";
				SWIFT_VERSION = 3.0;
			};
			name = Release;
		};
/* End XCBuildConfiguration section */

/* Begin XCConfigurationList section */
		2FB8D42624B67A500009717E /* Build configuration list for PBXProject "DoIt" */ = {
			isa = XCConfigurationList;
			buildConfigurations = (
				2FB8D43E24B67A510009717E /* Debug */,
				2FB8D43F24B67A510009717E /* Release */,
			);
			defaultConfigurationIsVisible = 0;
			defaultConfigurationName = Release;
		};
		2FB8D44024B67A510009717E /* Build configuration list for PBXNativeTarget "DoIt" */ = {
			isa = XCConfigurationList;
			buildConfigurations = (
				2FB8D44124B67A510009717E /* Debug */,
				2FB8D44224B67A510009717E /* Release */,
			);
			defaultConfigurationIsVisible = 0;
			defaultConfigurationName = Release;
		};
/* End XCConfigurationList section */

/* Begin XCVersionGroup section */
		2FB8D43524B67A510009717E /* DoIt.xcdatamodeld */ = {
			isa = XCVersionGroup;
			children = (
				2FB8D43624B67A510009717E /* DoIt.xcdatamodel */,
			);
			currentVersion = 2FB8D43624B67A510009717E /* DoIt.xcdatamodel */;
			path = DoIt.xcdatamodeld;
			sourceTree = "<group>";
			versionGroupType = wrapper.xcdatamodel;
		};
/* End XCVersionGroup section */
	};
	rootObject = 2FB8D42324B67A500009717E /* Project object */;
}
